{
  "lockfile_version": "1",
  "packages": {
    "apacheHttpd": {
      "resolved": "github:NixOS/nixpkgs/f80ac848e3d6f0c12c52758c0f25c10c97ca3b62#apacheHttpd"
    },
    "nodejs-18_x": {
      "resolved": "github:NixOS/nixpkgs/f80ac848e3d6f0c12c52758c0f25c10c97ca3b62#nodejs-18_x"
    },
    "php81": {
      "plugin_version": "0.0.1",
      "resolved": "github:NixOS/nixpkgs/f80ac848e3d6f0c12c52758c0f25c10c97ca3b62#php81"
    },
    "php81Extensions.ds": {
      "resolved": "github:NixOS/nixpkgs/f80ac848e3d6f0c12c52758c0f25c10c97ca3b62#php81Extensions.ds"
    },
    "php81Packages.composer": {
      "resolved": "github:NixOS/nixpkgs/f80ac848e3d6f0c12c52758c0f25c10c97ca3b62#php81Packages.composer"
    },
    "yarn": {
      "resolved": "github:NixOS/nixpkgs/f80ac848e3d6f0c12c52758c0f25c10c97ca3b62#yarn"
    }
  }
}